# This file is automatically @generated by Cargo.
# It is not intended for manual editing.
[[package]]
name = "blinker"
version = "0.1.0"
dependencies = [
 "logwatcher 0.1.0 (registry+https://github.com/rust-lang/crates.io-index)",
]

[[package]]
name = "logwatcher"
version = "0.1.0"
source = "registry+https://github.com/rust-lang/crates.io-index"

[metadata]
"checksum logwatcher 0.1.0 (registry+https://github.com/rust-lang/crates.io-index)" = "a831163bae0fe9f4121bc0ef9d9940f6c61bc0895611e09a89e4cc472018dea5"
